{
  "object": {
    "pins": [
      {
        "package": "CryptoSwift",
        "repositoryURL": "https://github.com/krzyzanowskim/CryptoSwift.git",
        "state": {
          "branch": null,
          "revision": "e45a26384239e028ec87fbcc788f513b67e10d8f",
          "version": "1.9.0"
        }
      }
    ]
  },
  "version": 1
}
