// !$*UTF8*$!
{
	archiveVersion = 1;
	classes = {
	};
	objectVersion = 52;
	objects = {

/* Begin PBXBuildFile section */
		5D2739DB234F22A800ACDA11 /* secp256k1 in Frameworks */ = {isa = PBXBuildFile; productRef = 5D2739DA234F22A800ACDA11 /* secp256k1 */; settings = {ATTRIBUTES = (Required, ); }; };
		5D2739F7234F270200ACDA11 /* precomp_data.h in Headers */ = {isa = PBXBuildFile; fileRef = 5D2739DE234F270200ACDA11 /* precomp_data.h */; };
		5D2739F8234F270200ACDA11 /* ed25519.h in Headers */ = {isa = PBXBuildFile; fileRef = 5D2739E0234F270200ACDA11 /* ed25519.h */; settings = {ATTRIBUTES = (Public, ); }; };
		5D2739F9234F270200ACDA11 /* seed.c in Sources */ = {isa = PBXBuildFile; fileRef = 5D2739E1234F270200ACDA11 /* seed.c */; };
		5D2739FA234F270200ACDA11 /* fe.c in Sources */ = {isa = PBXBuildFile; fileRef = 5D2739E2234F270200ACDA11 /* fe.c */; };
		5D2739FB234F270200ACDA11 /* verify.c in Sources */ = {isa = PBXBuildFile; fileRef = 5D2739E3234F270200ACDA11 /* verify.c */; };
		5D2739FC234F270200ACDA11 /* ge.c in Sources */ = {isa = PBXBuildFile; fileRef = 5D2739E4234F270200ACDA11 /* ge.c */; };
		5D2739FD234F270200ACDA11 /* sc.c in Sources */ = {isa = PBXBuildFile; fileRef = 5D2739E5234F270200ACDA11 /* sc.c */; };
		5D2739FE234F270200ACDA11 /* sign.c in Sources */ = {isa = PBXBuildFile; fileRef = 5D2739E6234F270200ACDA11 /* sign.c */; };
		5D2739FF234F270200ACDA11 /* sha512.h in Headers */ = {isa = PBXBuildFile; fileRef = 5D2739E7234F270200ACDA11 /* sha512.h */; };
		5D273A00234F270200ACDA11 /* key_exchange.c in Sources */ = {isa = PBXBuildFile; fileRef = 5D2739E8234F270200ACDA11 /* key_exchange.c */; };
		5D273A01234F270200ACDA11 /* add_scalar.c in Sources */ = {isa = PBXBuildFile; fileRef = 5D2739E9234F270200ACDA11 /* add_scalar.c */; };
		5D273A02234F270200ACDA11 /* fe.h in Headers */ = {isa = PBXBuildFile; fileRef = 5D2739EA234F270200ACDA11 /* fe.h */; };
		5D273A03234F270200ACDA11 /* license.txt in Resources */ = {isa = PBXBuildFile; fileRef = 5D2739EB234F270200ACDA11 /* license.txt */; };
		5D273A04234F270200ACDA11 /* keypair.c in Sources */ = {isa = PBXBuildFile; fileRef = 5D2739EC234F270200ACDA11 /* keypair.c */; };
		5D273A05234F270200ACDA11 /* fixedint.h in Headers */ = {isa = PBXBuildFile; fileRef = 5D2739ED234F270200ACDA11 /* fixedint.h */; };
		5D273A06234F270200ACDA11 /* sha512.c in Sources */ = {isa = PBXBuildFile; fileRef = 5D2739EE234F270200ACDA11 /* sha512.c */; };
		5D273A07234F270200ACDA11 /* sc.h in Headers */ = {isa = PBXBuildFile; fileRef = 5D2739EF234F270200ACDA11 /* sc.h */; };
		5D273A08234F270200ACDA11 /* ge.h in Headers */ = {isa = PBXBuildFile; fileRef = 5D2739F0234F270200ACDA11 /* ge.h */; };
		5D273A09234F270200ACDA11 /* KeyPair.swift in Sources */ = {isa = PBXBuildFile; fileRef = 5D2739F2234F270200ACDA11 /* KeyPair.swift */; };
		5D273A0A234F270200ACDA11 /* PublicKey.swift in Sources */ = {isa = PBXBuildFile; fileRef = 5D2739F3234F270200ACDA11 /* PublicKey.swift */; };
		5D273A0B234F270200ACDA11 /* Error.swift in Sources */ = {isa = PBXBuildFile; fileRef = 5D2739F4234F270200ACDA11 /* Error.swift */; };
		5D273A0C234F270200ACDA11 /* PrivateKey.swift in Sources */ = {isa = PBXBuildFile; fileRef = 5D2739F5234F270200ACDA11 /* PrivateKey.swift */; };
		5D273A0D234F270200ACDA11 /* Seed.swift in Sources */ = {isa = PBXBuildFile; fileRef = 5D2739F6234F270200ACDA11 /* Seed.swift */; };
		5D437EEB237BE980009C82A8 /* TlvTests.swift in Sources */ = {isa = PBXBuildFile; fileRef = 5D437EEA237BE980009C82A8 /* TlvTests.swift */; };
		5D58B4BF233E4C6B00F33764 /* InputStream+.swift in Sources */ = {isa = PBXBuildFile; fileRef = 5D58B4BE233E4C6B00F33764 /* InputStream+.swift */; };
		5D58B4C1233E54A400F33764 /* Int+.swift in Sources */ = {isa = PBXBuildFile; fileRef = 5D58B4C0233E54A400F33764 /* Int+.swift */; };
		5D6795B2237AEFB60075A330 /* ApduTests.swift in Sources */ = {isa = PBXBuildFile; fileRef = 5D6795B1237AEFB60075A330 /* ApduTests.swift */; };
		5D6A92D82344E2D700158457 /* Localizable.strings in Resources */ = {isa = PBXBuildFile; fileRef = 5D6A92DA2344E2D700158457 /* Localizable.strings */; };
		5D6A92DC2344E3A500158457 /* Localization.swift in Sources */ = {isa = PBXBuildFile; fileRef = 5D6A92DB2344E3A500158457 /* Localization.swift */; };
		5D6A92DE2344F1DC00158457 /* Task.swift in Sources */ = {isa = PBXBuildFile; fileRef = 5D6A92DD2344F1DC00158457 /* Task.swift */; };
		5D6A92E02344F2F900158457 /* CardManagerDelegate.swift in Sources */ = {isa = PBXBuildFile; fileRef = 5D6A92DF2344F2F900158457 /* CardManagerDelegate.swift */; };
		5D6A92E32345F2A300158457 /* ReadCommand.swift in Sources */ = {isa = PBXBuildFile; fileRef = 5D6A92E22345F2A300158457 /* ReadCommand.swift */; };
		5D6A92E52345F2B200158457 /* SignCommand.swift in Sources */ = {isa = PBXBuildFile; fileRef = 5D6A92E42345F2B200158457 /* SignCommand.swift */; };
		5D6A92E72345F2D600158457 /* CheckWalletCommand.swift in Sources */ = {isa = PBXBuildFile; fileRef = 5D6A92E62345F2D600158457 /* CheckWalletCommand.swift */; };
		5D6A92EA2345FF2200158457 /* SingleCommandTask.swift in Sources */ = {isa = PBXBuildFile; fileRef = 5D6A92E92345FF2200158457 /* SingleCommandTask.swift */; };
		5D6A92EC2346069700158457 /* CardManager.swift in Sources */ = {isa = PBXBuildFile; fileRef = 5D6A92EB2346069700158457 /* CardManager.swift */; };
		5D6A92EE23463D1200158457 /* ScanTask.swift in Sources */ = {isa = PBXBuildFile; fileRef = 5D6A92ED23463D1200158457 /* ScanTask.swift */; };
		5D713B2D236C3F6400E4F6FC /* StringUtilsTest.swift in Sources */ = {isa = PBXBuildFile; fileRef = 5D713B2C236C3F6400E4F6FC /* StringUtilsTest.swift */; };
		5D713B2F236C53E300E4F6FC /* ByteUtilsTest.swift in Sources */ = {isa = PBXBuildFile; fileRef = 5D713B2E236C53E300E4F6FC /* ByteUtilsTest.swift */; };
		5D7D5FB223449D4000058D69 /* CardEnvironment.swift in Sources */ = {isa = PBXBuildFile; fileRef = 5D7D5FB123449D4000058D69 /* CardEnvironment.swift */; };
		5D7D5FB423449F2300058D69 /* CommandSerializer.swift in Sources */ = {isa = PBXBuildFile; fileRef = 5D7D5FB323449F2300058D69 /* CommandSerializer.swift */; };
		5D7F6644235F30B5008149B1 /* NDEFReader.swift in Sources */ = {isa = PBXBuildFile; fileRef = 5D7F6643235F30B5008149B1 /* NDEFReader.swift */; };
		5D974B7E237D672F00DCDF21 /* Date+.swift in Sources */ = {isa = PBXBuildFile; fileRef = 5D974B7D237D672F00DCDF21 /* Date+.swift */; };
		5DA5B611233E11950058C720 /* CommandApdu.swift in Sources */ = {isa = PBXBuildFile; fileRef = 5DA5B610233E11950058C720 /* CommandApdu.swift */; };
		5DA5B613233E11A50058C720 /* ResponseApdu.swift in Sources */ = {isa = PBXBuildFile; fileRef = 5DA5B612233E11A50058C720 /* ResponseApdu.swift */; };
		5DA5B616233E12170058C720 /* Instruction.swift in Sources */ = {isa = PBXBuildFile; fileRef = 5DA5B615233E12170058C720 /* Instruction.swift */; };
		5DA5B618233E124A0058C720 /* StatusWord.swift in Sources */ = {isa = PBXBuildFile; fileRef = 5DA5B617233E124A0058C720 /* StatusWord.swift */; };
		5DA5B61A233E12780058C720 /* TlvTag.swift in Sources */ = {isa = PBXBuildFile; fileRef = 5DA5B619233E12780058C720 /* TlvTag.swift */; };
		5DA5B61C233E12B30058C720 /* Tlv.swift in Sources */ = {isa = PBXBuildFile; fileRef = 5DA5B61B233E12B30058C720 /* Tlv.swift */; };
		5DA7942A236C64D100B33DB5 /* IntUtilsTests.swift in Sources */ = {isa = PBXBuildFile; fileRef = 5DA79429236C64D100B33DB5 /* IntUtilsTests.swift */; };
		5DA80CA4231D247A00A50A10 /* TangemSdk.framework in Frameworks */ = {isa = PBXBuildFile; fileRef = 5DA80C9A231D247A00A50A10 /* TangemSdk.framework */; };
		5DA80CA9231D247A00A50A10 /* CryptoUtilsTests.swift in Sources */ = {isa = PBXBuildFile; fileRef = 5DA80CA8231D247A00A50A10 /* CryptoUtilsTests.swift */; };
		5DA80CAB231D247A00A50A10 /* TangemSdk.h in Headers */ = {isa = PBXBuildFile; fileRef = 5DA80C9D231D247A00A50A10 /* TangemSdk.h */; settings = {ATTRIBUTES = (Public, ); }; };
		5DAD449E236B2435006C38F8 /* DataExtensionTests.swift in Sources */ = {isa = PBXBuildFile; fileRef = 5DAD449D236B2435006C38F8 /* DataExtensionTests.swift */; };
		5DB4406D234B740B00AC39F1 /* Data+.swift in Sources */ = {isa = PBXBuildFile; fileRef = 5DB4406C234B740B00AC39F1 /* Data+.swift */; };
		5DB4406F234B750200AC39F1 /* String+.swift in Sources */ = {isa = PBXBuildFile; fileRef = 5DB4406E234B750200AC39F1 /* String+.swift */; };
		5DC62D3E23506CF300195A51 /* TlvMapper.swift in Sources */ = {isa = PBXBuildFile; fileRef = 5DC62D3D23506CF300195A51 /* TlvMapper.swift */; };
		5DF7CFCE233D058D00461F4D /* CardReader.swift in Sources */ = {isa = PBXBuildFile; fileRef = 5DF7CFCD233D058D00461F4D /* CardReader.swift */; };
		5DFFC1A1234DC715001C2F35 /* CryptoUtils.swift in Sources */ = {isa = PBXBuildFile; fileRef = 5DFFC1A0234DC715001C2F35 /* CryptoUtils.swift */; };
		5DFFC49F233B9D69004964E8 /* NFCReader.swift in Sources */ = {isa = PBXBuildFile; fileRef = 5DFFC49E233B9D69004964E8 /* NFCReader.swift */; };
		5DFFC4A2233BA5E0004964E8 /* Byte+.swift in Sources */ = {isa = PBXBuildFile; fileRef = 5DFFC4A1233BA5E0004964E8 /* Byte+.swift */; };
/* End PBXBuildFile section */

/* Begin PBXContainerItemProxy section */
		5DA80CA5231D247A00A50A10 /* PBXContainerItemProxy */ = {
			isa = PBXContainerItemProxy;
			containerPortal = 5DA80C91231D247A00A50A10 /* Project object */;
			proxyType = 1;
			remoteGlobalIDString = 5DA80C99231D247A00A50A10;
			remoteInfo = TangemSdk;
		};
/* End PBXContainerItemProxy section */

/* Begin PBXFileReference section */
		5D2739DE234F270200ACDA11 /* precomp_data.h */ = {isa = PBXFileReference; fileEncoding = 4; lastKnownFileType = sourcecode.c.h; path = precomp_data.h; sourceTree = "<group>"; };
		5D2739E0234F270200ACDA11 /* ed25519.h */ = {isa = PBXFileReference; fileEncoding = 4; lastKnownFileType = sourcecode.c.h; path = ed25519.h; sourceTree = "<group>"; };
		5D2739E1234F270200ACDA11 /* seed.c */ = {isa = PBXFileReference; fileEncoding = 4; lastKnownFileType = sourcecode.c.c; path = seed.c; sourceTree = "<group>"; };
		5D2739E2234F270200ACDA11 /* fe.c */ = {isa = PBXFileReference; fileEncoding = 4; lastKnownFileType = sourcecode.c.c; path = fe.c; sourceTree = "<group>"; };
		5D2739E3234F270200ACDA11 /* verify.c */ = {isa = PBXFileReference; fileEncoding = 4; lastKnownFileType = sourcecode.c.c; path = verify.c; sourceTree = "<group>"; };
		5D2739E4234F270200ACDA11 /* ge.c */ = {isa = PBXFileReference; fileEncoding = 4; lastKnownFileType = sourcecode.c.c; path = ge.c; sourceTree = "<group>"; };
		5D2739E5234F270200ACDA11 /* sc.c */ = {isa = PBXFileReference; fileEncoding = 4; lastKnownFileType = sourcecode.c.c; path = sc.c; sourceTree = "<group>"; };
		5D2739E6234F270200ACDA11 /* sign.c */ = {isa = PBXFileReference; fileEncoding = 4; lastKnownFileType = sourcecode.c.c; path = sign.c; sourceTree = "<group>"; };
		5D2739E7234F270200ACDA11 /* sha512.h */ = {isa = PBXFileReference; fileEncoding = 4; lastKnownFileType = sourcecode.c.h; path = sha512.h; sourceTree = "<group>"; };
		5D2739E8234F270200ACDA11 /* key_exchange.c */ = {isa = PBXFileReference; fileEncoding = 4; lastKnownFileType = sourcecode.c.c; path = key_exchange.c; sourceTree = "<group>"; };
		5D2739E9234F270200ACDA11 /* add_scalar.c */ = {isa = PBXFileReference; fileEncoding = 4; lastKnownFileType = sourcecode.c.c; path = add_scalar.c; sourceTree = "<group>"; };
		5D2739EA234F270200ACDA11 /* fe.h */ = {isa = PBXFileReference; fileEncoding = 4; lastKnownFileType = sourcecode.c.h; path = fe.h; sourceTree = "<group>"; };
		5D2739EB234F270200ACDA11 /* license.txt */ = {isa = PBXFileReference; fileEncoding = 4; lastKnownFileType = text; path = license.txt; sourceTree = "<group>"; };
		5D2739EC234F270200ACDA11 /* keypair.c */ = {isa = PBXFileReference; fileEncoding = 4; lastKnownFileType = sourcecode.c.c; path = keypair.c; sourceTree = "<group>"; };
		5D2739ED234F270200ACDA11 /* fixedint.h */ = {isa = PBXFileReference; fileEncoding = 4; lastKnownFileType = sourcecode.c.h; path = fixedint.h; sourceTree = "<group>"; };
		5D2739EE234F270200ACDA11 /* sha512.c */ = {isa = PBXFileReference; fileEncoding = 4; lastKnownFileType = sourcecode.c.c; path = sha512.c; sourceTree = "<group>"; };
		5D2739EF234F270200ACDA11 /* sc.h */ = {isa = PBXFileReference; fileEncoding = 4; lastKnownFileType = sourcecode.c.h; path = sc.h; sourceTree = "<group>"; };
		5D2739F0234F270200ACDA11 /* ge.h */ = {isa = PBXFileReference; fileEncoding = 4; lastKnownFileType = sourcecode.c.h; path = ge.h; sourceTree = "<group>"; };
		5D2739F2234F270200ACDA11 /* KeyPair.swift */ = {isa = PBXFileReference; fileEncoding = 4; lastKnownFileType = sourcecode.swift; path = KeyPair.swift; sourceTree = "<group>"; };
		5D2739F3234F270200ACDA11 /* PublicKey.swift */ = {isa = PBXFileReference; fileEncoding = 4; lastKnownFileType = sourcecode.swift; path = PublicKey.swift; sourceTree = "<group>"; };
		5D2739F4234F270200ACDA11 /* Error.swift */ = {isa = PBXFileReference; fileEncoding = 4; lastKnownFileType = sourcecode.swift; path = Error.swift; sourceTree = "<group>"; };
		5D2739F5234F270200ACDA11 /* PrivateKey.swift */ = {isa = PBXFileReference; fileEncoding = 4; lastKnownFileType = sourcecode.swift; path = PrivateKey.swift; sourceTree = "<group>"; };
		5D2739F6234F270200ACDA11 /* Seed.swift */ = {isa = PBXFileReference; fileEncoding = 4; lastKnownFileType = sourcecode.swift; path = Seed.swift; sourceTree = "<group>"; };
		5D437EEA237BE980009C82A8 /* TlvTests.swift */ = {isa = PBXFileReference; lastKnownFileType = sourcecode.swift; path = TlvTests.swift; sourceTree = "<group>"; };
		5D53A4092369D7D10021DAF6 /* CoreNFC.framework */ = {isa = PBXFileReference; lastKnownFileType = wrapper.framework; name = CoreNFC.framework; path = System/Library/Frameworks/CoreNFC.framework; sourceTree = SDKROOT; };
		5D58B4BE233E4C6B00F33764 /* InputStream+.swift */ = {isa = PBXFileReference; lastKnownFileType = sourcecode.swift; path = "InputStream+.swift"; sourceTree = "<group>"; };
		5D58B4C0233E54A400F33764 /* Int+.swift */ = {isa = PBXFileReference; lastKnownFileType = sourcecode.swift; path = "Int+.swift"; sourceTree = "<group>"; };
		5D6795B1237AEFB60075A330 /* ApduTests.swift */ = {isa = PBXFileReference; lastKnownFileType = sourcecode.swift; path = ApduTests.swift; sourceTree = "<group>"; };
		5D6A92D92344E2D700158457 /* en */ = {isa = PBXFileReference; lastKnownFileType = text.plist.strings; name = en; path = en.lproj/Localizable.strings; sourceTree = "<group>"; };
		5D6A92DB2344E3A500158457 /* Localization.swift */ = {isa = PBXFileReference; lastKnownFileType = sourcecode.swift; path = Localization.swift; sourceTree = "<group>"; };
		5D6A92DD2344F1DC00158457 /* Task.swift */ = {isa = PBXFileReference; lastKnownFileType = sourcecode.swift; path = Task.swift; sourceTree = "<group>"; };
		5D6A92DF2344F2F900158457 /* CardManagerDelegate.swift */ = {isa = PBXFileReference; lastKnownFileType = sourcecode.swift; path = CardManagerDelegate.swift; sourceTree = "<group>"; };
		5D6A92E22345F2A300158457 /* ReadCommand.swift */ = {isa = PBXFileReference; lastKnownFileType = sourcecode.swift; path = ReadCommand.swift; sourceTree = "<group>"; };
		5D6A92E42345F2B200158457 /* SignCommand.swift */ = {isa = PBXFileReference; lastKnownFileType = sourcecode.swift; path = SignCommand.swift; sourceTree = "<group>"; };
		5D6A92E62345F2D600158457 /* CheckWalletCommand.swift */ = {isa = PBXFileReference; lastKnownFileType = sourcecode.swift; path = CheckWalletCommand.swift; sourceTree = "<group>"; };
		5D6A92E92345FF2200158457 /* SingleCommandTask.swift */ = {isa = PBXFileReference; lastKnownFileType = sourcecode.swift; path = SingleCommandTask.swift; sourceTree = "<group>"; };
		5D6A92EB2346069700158457 /* CardManager.swift */ = {isa = PBXFileReference; lastKnownFileType = sourcecode.swift; path = CardManager.swift; sourceTree = "<group>"; };
		5D6A92ED23463D1200158457 /* ScanTask.swift */ = {isa = PBXFileReference; lastKnownFileType = sourcecode.swift; path = ScanTask.swift; sourceTree = "<group>"; };
		5D713B2C236C3F6400E4F6FC /* StringUtilsTest.swift */ = {isa = PBXFileReference; lastKnownFileType = sourcecode.swift; path = StringUtilsTest.swift; sourceTree = "<group>"; };
		5D713B2E236C53E300E4F6FC /* ByteUtilsTest.swift */ = {isa = PBXFileReference; lastKnownFileType = sourcecode.swift; path = ByteUtilsTest.swift; sourceTree = "<group>"; };
		5D7D5FB123449D4000058D69 /* CardEnvironment.swift */ = {isa = PBXFileReference; lastKnownFileType = sourcecode.swift; path = CardEnvironment.swift; sourceTree = "<group>"; };
		5D7D5FB323449F2300058D69 /* CommandSerializer.swift */ = {isa = PBXFileReference; lastKnownFileType = sourcecode.swift; path = CommandSerializer.swift; sourceTree = "<group>"; };
		5D7F6643235F30B5008149B1 /* NDEFReader.swift */ = {isa = PBXFileReference; lastKnownFileType = sourcecode.swift; path = NDEFReader.swift; sourceTree = "<group>"; };
		5D974B7D237D672F00DCDF21 /* Date+.swift */ = {isa = PBXFileReference; lastKnownFileType = sourcecode.swift; path = "Date+.swift"; sourceTree = "<group>"; };
		5DA5B610233E11950058C720 /* CommandApdu.swift */ = {isa = PBXFileReference; lastKnownFileType = sourcecode.swift; path = CommandApdu.swift; sourceTree = "<group>"; };
		5DA5B612233E11A50058C720 /* ResponseApdu.swift */ = {isa = PBXFileReference; lastKnownFileType = sourcecode.swift; path = ResponseApdu.swift; sourceTree = "<group>"; };
		5DA5B615233E12170058C720 /* Instruction.swift */ = {isa = PBXFileReference; lastKnownFileType = sourcecode.swift; path = Instruction.swift; sourceTree = "<group>"; };
		5DA5B617233E124A0058C720 /* StatusWord.swift */ = {isa = PBXFileReference; lastKnownFileType = sourcecode.swift; path = StatusWord.swift; sourceTree = "<group>"; };
		5DA5B619233E12780058C720 /* TlvTag.swift */ = {isa = PBXFileReference; lastKnownFileType = sourcecode.swift; path = TlvTag.swift; sourceTree = "<group>"; };
		5DA5B61B233E12B30058C720 /* Tlv.swift */ = {isa = PBXFileReference; lastKnownFileType = sourcecode.swift; path = Tlv.swift; sourceTree = "<group>"; };
		5DA79429236C64D100B33DB5 /* IntUtilsTests.swift */ = {isa = PBXFileReference; lastKnownFileType = sourcecode.swift; path = IntUtilsTests.swift; sourceTree = "<group>"; };
		5DA80C9A231D247A00A50A10 /* TangemSdk.framework */ = {isa = PBXFileReference; explicitFileType = wrapper.framework; includeInIndex = 0; path = TangemSdk.framework; sourceTree = BUILT_PRODUCTS_DIR; };
		5DA80C9D231D247A00A50A10 /* TangemSdk.h */ = {isa = PBXFileReference; lastKnownFileType = sourcecode.c.h; path = TangemSdk.h; sourceTree = "<group>"; };
		5DA80CA3231D247A00A50A10 /* TangemSdkTests.xctest */ = {isa = PBXFileReference; explicitFileType = wrapper.cfbundle; includeInIndex = 0; path = TangemSdkTests.xctest; sourceTree = BUILT_PRODUCTS_DIR; };
		5DA80CA8231D247A00A50A10 /* CryptoUtilsTests.swift */ = {isa = PBXFileReference; lastKnownFileType = sourcecode.swift; path = CryptoUtilsTests.swift; sourceTree = "<group>"; };
		5DA80CAA231D247A00A50A10 /* Info.plist */ = {isa = PBXFileReference; lastKnownFileType = text.plist.xml; path = Info.plist; sourceTree = "<group>"; };
		5DAD449D236B2435006C38F8 /* DataExtensionTests.swift */ = {isa = PBXFileReference; lastKnownFileType = sourcecode.swift; path = DataExtensionTests.swift; sourceTree = "<group>"; };
		5DB4406C234B740B00AC39F1 /* Data+.swift */ = {isa = PBXFileReference; lastKnownFileType = sourcecode.swift; path = "Data+.swift"; sourceTree = "<group>"; };
		5DB4406E234B750200AC39F1 /* String+.swift */ = {isa = PBXFileReference; lastKnownFileType = sourcecode.swift; path = "String+.swift"; sourceTree = "<group>"; };
		5DC62D3D23506CF300195A51 /* TlvMapper.swift */ = {isa = PBXFileReference; lastKnownFileType = sourcecode.swift; path = TlvMapper.swift; sourceTree = "<group>"; };
		5DDF4F89235F06F600E46EAB /* Info.plist */ = {isa = PBXFileReference; fileEncoding = 4; lastKnownFileType = text.plist.xml; path = Info.plist; sourceTree = "<group>"; };
		5DF7CFCD233D058D00461F4D /* CardReader.swift */ = {isa = PBXFileReference; lastKnownFileType = sourcecode.swift; path = CardReader.swift; sourceTree = "<group>"; };
		5DFFC1A0234DC715001C2F35 /* CryptoUtils.swift */ = {isa = PBXFileReference; lastKnownFileType = sourcecode.swift; path = CryptoUtils.swift; sourceTree = "<group>"; };
		5DFFC49E233B9D69004964E8 /* NFCReader.swift */ = {isa = PBXFileReference; lastKnownFileType = sourcecode.swift; path = NFCReader.swift; sourceTree = "<group>"; };
		5DFFC4A1233BA5E0004964E8 /* Byte+.swift */ = {isa = PBXFileReference; lastKnownFileType = sourcecode.swift; path = "Byte+.swift"; sourceTree = "<group>"; };
/* End PBXFileReference section */

/* Begin PBXFrameworksBuildPhase section */
		5DA80C97231D247A00A50A10 /* Frameworks */ = {
			isa = PBXFrameworksBuildPhase;
			buildActionMask = 2147483647;
			files = (
				5D2739DB234F22A800ACDA11 /* secp256k1 in Frameworks */,
			);
			runOnlyForDeploymentPostprocessing = 0;
		};
		5DA80CA0231D247A00A50A10 /* Frameworks */ = {
			isa = PBXFrameworksBuildPhase;
			buildActionMask = 2147483647;
			files = (
				5DA80CA4231D247A00A50A10 /* TangemSdk.framework in Frameworks */,
			);
			runOnlyForDeploymentPostprocessing = 0;
		};
/* End PBXFrameworksBuildPhase section */

/* Begin PBXGroup section */
		5D2739DC234F270200ACDA11 /* Ed25519 */ = {
			isa = PBXGroup;
			children = (
				5D2739F2234F270200ACDA11 /* KeyPair.swift */,
				5D2739F3234F270200ACDA11 /* PublicKey.swift */,
				5D2739F4234F270200ACDA11 /* Error.swift */,
				5D2739F5234F270200ACDA11 /* PrivateKey.swift */,
				5D2739F6234F270200ACDA11 /* Seed.swift */,
				5D2739DD234F270200ACDA11 /* CEd25519 */,
			);
			path = Ed25519;
			sourceTree = "<group>";
		};
		5D2739DD234F270200ACDA11 /* CEd25519 */ = {
			isa = PBXGroup;
			children = (
				5D2739DE234F270200ACDA11 /* precomp_data.h */,
				5D2739DF234F270200ACDA11 /* include */,
				5D2739E1234F270200ACDA11 /* seed.c */,
				5D2739E2234F270200ACDA11 /* fe.c */,
				5D2739E3234F270200ACDA11 /* verify.c */,
				5D2739E4234F270200ACDA11 /* ge.c */,
				5D2739E5234F270200ACDA11 /* sc.c */,
				5D2739E6234F270200ACDA11 /* sign.c */,
				5D2739E7234F270200ACDA11 /* sha512.h */,
				5D2739E8234F270200ACDA11 /* key_exchange.c */,
				5D2739E9234F270200ACDA11 /* add_scalar.c */,
				5D2739EA234F270200ACDA11 /* fe.h */,
				5D2739EB234F270200ACDA11 /* license.txt */,
				5D2739EC234F270200ACDA11 /* keypair.c */,
				5D2739ED234F270200ACDA11 /* fixedint.h */,
				5D2739EE234F270200ACDA11 /* sha512.c */,
				5D2739EF234F270200ACDA11 /* sc.h */,
				5D2739F0234F270200ACDA11 /* ge.h */,
			);
			path = CEd25519;
			sourceTree = "<group>";
		};
		5D2739DF234F270200ACDA11 /* include */ = {
			isa = PBXGroup;
			children = (
				5D2739E0234F270200ACDA11 /* ed25519.h */,
			);
			path = include;
			sourceTree = "<group>";
		};
		5D53A4082369D7D10021DAF6 /* Frameworks */ = {
			isa = PBXGroup;
			children = (
				5D53A4092369D7D10021DAF6 /* CoreNFC.framework */,
			);
			name = Frameworks;
			sourceTree = "<group>";
		};
		5D6A92D52344E2B400158457 /* Localization */ = {
			isa = PBXGroup;
			children = (
				5D6A92DA2344E2D700158457 /* Localizable.strings */,
				5D6A92DB2344E3A500158457 /* Localization.swift */,
			);
			path = Localization;
			sourceTree = "<group>";
		};
		5D6A92E12345F28F00158457 /* Commands */ = {
			isa = PBXGroup;
			children = (
				5D7D5FB323449F2300058D69 /* CommandSerializer.swift */,
				5D6A92E22345F2A300158457 /* ReadCommand.swift */,
				5D6A92E42345F2B200158457 /* SignCommand.swift */,
				5D6A92E62345F2D600158457 /* CheckWalletCommand.swift */,
			);
			path = Commands;
			sourceTree = "<group>";
		};
		5D6A92E82345FF1300158457 /* Tasks */ = {
			isa = PBXGroup;
			children = (
				5D6A92DD2344F1DC00158457 /* Task.swift */,
				5D6A92E92345FF2200158457 /* SingleCommandTask.swift */,
				5D6A92ED23463D1200158457 /* ScanTask.swift */,
			);
			path = Tasks;
			sourceTree = "<group>";
		};
		5DA5B614233E11DD0058C720 /* APDU */ = {
			isa = PBXGroup;
			children = (
				5DA5B610233E11950058C720 /* CommandApdu.swift */,
				5DA5B612233E11A50058C720 /* ResponseApdu.swift */,
				5DA5B615233E12170058C720 /* Instruction.swift */,
				5DA5B617233E124A0058C720 /* StatusWord.swift */,
			);
			path = APDU;
			sourceTree = "<group>";
		};
		5DA5B61F233E13180058C720 /* TLV */ = {
			isa = PBXGroup;
			children = (
				5DA5B619233E12780058C720 /* TlvTag.swift */,
				5DA5B61B233E12B30058C720 /* Tlv.swift */,
				5DC62D3D23506CF300195A51 /* TlvMapper.swift */,
			);
			path = TLV;
			sourceTree = "<group>";
		};
		5DA80C90231D247A00A50A10 = {
			isa = PBXGroup;
			children = (
				5DDF4F89235F06F600E46EAB /* Info.plist */,
				5DA80C9C231D247A00A50A10 /* TangemSdk */,
				5DA80CA7231D247A00A50A10 /* TangemSdkTests */,
				5DA80C9B231D247A00A50A10 /* Products */,
				5D53A4082369D7D10021DAF6 /* Frameworks */,
			);
			sourceTree = "<group>";
		};
		5DA80C9B231D247A00A50A10 /* Products */ = {
			isa = PBXGroup;
			children = (
				5DA80C9A231D247A00A50A10 /* TangemSdk.framework */,
				5DA80CA3231D247A00A50A10 /* TangemSdkTests.xctest */,
			);
			name = Products;
			sourceTree = "<group>";
		};
		5DA80C9C231D247A00A50A10 /* TangemSdk */ = {
			isa = PBXGroup;
			children = (
				5DA80C9D231D247A00A50A10 /* TangemSdk.h */,
				5D6A92EB2346069700158457 /* CardManager.swift */,
				5D6A92DF2344F2F900158457 /* CardManagerDelegate.swift */,
				5D6A92E82345FF1300158457 /* Tasks */,
				5D6A92E12345F28F00158457 /* Commands */,
				5DF7CFCA233D034E00461F4D /* Common */,
				5DFFC1A2234DC969001C2F35 /* Crypto */,
			);
			path = TangemSdk;
			sourceTree = "<group>";
		};
		5DA80CA7231D247A00A50A10 /* TangemSdkTests */ = {
			isa = PBXGroup;
			children = (
				5DA80CA8231D247A00A50A10 /* CryptoUtilsTests.swift */,
				5DA80CAA231D247A00A50A10 /* Info.plist */,
				5DAD449D236B2435006C38F8 /* DataExtensionTests.swift */,
				5D713B2C236C3F6400E4F6FC /* StringUtilsTest.swift */,
				5D713B2E236C53E300E4F6FC /* ByteUtilsTest.swift */,
				5DA79429236C64D100B33DB5 /* IntUtilsTests.swift */,
				5D6795B1237AEFB60075A330 /* ApduTests.swift */,
				5D437EEA237BE980009C82A8 /* TlvTests.swift */,
			);
			path = TangemSdkTests;
			sourceTree = "<group>";
		};
		5DF7CFCA233D034E00461F4D /* Common */ = {
			isa = PBXGroup;
			children = (
				5DA5B61F233E13180058C720 /* TLV */,
				5DA5B614233E11DD0058C720 /* APDU */,
				5DFFC49D233B9D4C004964E8 /* NFC */,
				5DFFC4A0233BA5D2004964E8 /* Extensions */,
				5D6A92D52344E2B400158457 /* Localization */,
				5DF7CFCD233D058D00461F4D /* CardReader.swift */,
				5D7D5FB123449D4000058D69 /* CardEnvironment.swift */,
			);
			path = Common;
			sourceTree = "<group>";
		};
		5DFFC1A2234DC969001C2F35 /* Crypto */ = {
			isa = PBXGroup;
			children = (
				5DFFC1A0234DC715001C2F35 /* CryptoUtils.swift */,
				5D2739DC234F270200ACDA11 /* Ed25519 */,
			);
			path = Crypto;
			sourceTree = "<group>";
		};
		5DFFC49D233B9D4C004964E8 /* NFC */ = {
			isa = PBXGroup;
			children = (
				5DFFC49E233B9D69004964E8 /* NFCReader.swift */,
				5D7F6643235F30B5008149B1 /* NDEFReader.swift */,
			);
			path = NFC;
			sourceTree = "<group>";
		};
		5DFFC4A0233BA5D2004964E8 /* Extensions */ = {
			isa = PBXGroup;
			children = (
				5DFFC4A1233BA5E0004964E8 /* Byte+.swift */,
				5D58B4BE233E4C6B00F33764 /* InputStream+.swift */,
				5D58B4C0233E54A400F33764 /* Int+.swift */,
				5DB4406C234B740B00AC39F1 /* Data+.swift */,
				5DB4406E234B750200AC39F1 /* String+.swift */,
				5D974B7D237D672F00DCDF21 /* Date+.swift */,
			);
			path = Extensions;
			sourceTree = "<group>";
		};
/* End PBXGroup section */

/* Begin PBXHeadersBuildPhase section */
		5DA80C95231D247A00A50A10 /* Headers */ = {
			isa = PBXHeadersBuildPhase;
			buildActionMask = 2147483647;
			files = (
				5DA80CAB231D247A00A50A10 /* TangemSdk.h in Headers */,
				5D2739F8234F270200ACDA11 /* ed25519.h in Headers */,
				5D273A07234F270200ACDA11 /* sc.h in Headers */,
				5D2739F7234F270200ACDA11 /* precomp_data.h in Headers */,
				5D273A02234F270200ACDA11 /* fe.h in Headers */,
				5D273A05234F270200ACDA11 /* fixedint.h in Headers */,
				5D2739FF234F270200ACDA11 /* sha512.h in Headers */,
				5D273A08234F270200ACDA11 /* ge.h in Headers */,
			);
			runOnlyForDeploymentPostprocessing = 0;
		};
/* End PBXHeadersBuildPhase section */

/* Begin PBXNativeTarget section */
		5DA80C99231D247A00A50A10 /* TangemSdk */ = {
			isa = PBXNativeTarget;
			buildConfigurationList = 5DA80CAE231D247A00A50A10 /* Build configuration list for PBXNativeTarget "TangemSdk" */;
			buildPhases = (
				5DA80C95231D247A00A50A10 /* Headers */,
				5DA80C96231D247A00A50A10 /* Sources */,
				5DA80C97231D247A00A50A10 /* Frameworks */,
				5DA80C98231D247A00A50A10 /* Resources */,
			);
			buildRules = (
			);
			dependencies = (
			);
			name = TangemSdk;
			packageProductDependencies = (
				5D2739DA234F22A800ACDA11 /* secp256k1 */,
			);
			productName = TangemSdk;
			productReference = 5DA80C9A231D247A00A50A10 /* TangemSdk.framework */;
			productType = "com.apple.product-type.framework";
		};
		5DA80CA2231D247A00A50A10 /* TangemSdkTests */ = {
			isa = PBXNativeTarget;
			buildConfigurationList = 5DA80CB1231D247A00A50A10 /* Build configuration list for PBXNativeTarget "TangemSdkTests" */;
			buildPhases = (
				5DA80C9F231D247A00A50A10 /* Sources */,
				5DA80CA0231D247A00A50A10 /* Frameworks */,
				5DA80CA1231D247A00A50A10 /* Resources */,
			);
			buildRules = (
			);
			dependencies = (
				5DA80CA6231D247A00A50A10 /* PBXTargetDependency */,
			);
			name = TangemSdkTests;
			productName = TangemSdkTests;
			productReference = 5DA80CA3231D247A00A50A10 /* TangemSdkTests.xctest */;
			productType = "com.apple.product-type.bundle.unit-test";
		};
/* End PBXNativeTarget section */

/* Begin PBXProject section */
		5DA80C91231D247A00A50A10 /* Project object */ = {
			isa = PBXProject;
			attributes = {
				LastSwiftUpdateCheck = 1100;
				LastUpgradeCheck = 1100;
				ORGANIZATIONNAME = "Tangem AG";
				TargetAttributes = {
					5DA80C99231D247A00A50A10 = {
						CreatedOnToolsVersion = 11.0;
						LastSwiftMigration = 1100;
					};
					5DA80CA2231D247A00A50A10 = {
						CreatedOnToolsVersion = 11.0;
					};
				};
			};
			buildConfigurationList = 5DA80C94231D247A00A50A10 /* Build configuration list for PBXProject "TangemSdk" */;
			compatibilityVersion = "Xcode 9.3";
			developmentRegion = en;
			hasScannedForEncodings = 0;
			knownRegions = (
				en,
				Base,
			);
			mainGroup = 5DA80C90231D247A00A50A10;
			packageReferences = (
				5D2739D9234F22A800ACDA11 /* XCRemoteSwiftPackageReference "secp256k1.swift" */,
			);
			productRefGroup = 5DA80C9B231D247A00A50A10 /* Products */;
			projectDirPath = "";
			projectRoot = "";
			targets = (
				5DA80C99231D247A00A50A10 /* TangemSdk */,
				5DA80CA2231D247A00A50A10 /* TangemSdkTests */,
			);
		};
/* End PBXProject section */

/* Begin PBXResourcesBuildPhase section */
		5DA80C98231D247A00A50A10 /* Resources */ = {
			isa = PBXResourcesBuildPhase;
			buildActionMask = 2147483647;
			files = (
				5D273A03234F270200ACDA11 /* license.txt in Resources */,
				5D6A92D82344E2D700158457 /* Localizable.strings in Resources */,
			);
			runOnlyForDeploymentPostprocessing = 0;
		};
		5DA80CA1231D247A00A50A10 /* Resources */ = {
			isa = PBXResourcesBuildPhase;
			buildActionMask = 2147483647;
			files = (
			);
			runOnlyForDeploymentPostprocessing = 0;
		};
/* End PBXResourcesBuildPhase section */

/* Begin PBXSourcesBuildPhase section */
		5DA80C96231D247A00A50A10 /* Sources */ = {
			isa = PBXSourcesBuildPhase;
			buildActionMask = 2147483647;
			files = (
				5D6A92EA2345FF2200158457 /* SingleCommandTask.swift in Sources */,
				5D58B4BF233E4C6B00F33764 /* InputStream+.swift in Sources */,
				5D2739FA234F270200ACDA11 /* fe.c in Sources */,
				5D2739F9234F270200ACDA11 /* seed.c in Sources */,
				5DA5B611233E11950058C720 /* CommandApdu.swift in Sources */,
				5D6A92E02344F2F900158457 /* CardManagerDelegate.swift in Sources */,
				5DC62D3E23506CF300195A51 /* TlvMapper.swift in Sources */,
				5D6A92E32345F2A300158457 /* ReadCommand.swift in Sources */,
				5D273A01234F270200ACDA11 /* add_scalar.c in Sources */,
				5D6A92E52345F2B200158457 /* SignCommand.swift in Sources */,
				5D273A06234F270200ACDA11 /* sha512.c in Sources */,
				5D974B7E237D672F00DCDF21 /* Date+.swift in Sources */,
				5D273A0A234F270200ACDA11 /* PublicKey.swift in Sources */,
				5D2739FD234F270200ACDA11 /* sc.c in Sources */,
				5D273A0B234F270200ACDA11 /* Error.swift in Sources */,
				5D58B4C1233E54A400F33764 /* Int+.swift in Sources */,
				5DF7CFCE233D058D00461F4D /* CardReader.swift in Sources */,
				5DB4406D234B740B00AC39F1 /* Data+.swift in Sources */,
				5D273A09234F270200ACDA11 /* KeyPair.swift in Sources */,
				5D6A92E72345F2D600158457 /* CheckWalletCommand.swift in Sources */,
				5D2739FE234F270200ACDA11 /* sign.c in Sources */,
				5D273A04234F270200ACDA11 /* keypair.c in Sources */,
				5DA5B61C233E12B30058C720 /* Tlv.swift in Sources */,
				5D7D5FB223449D4000058D69 /* CardEnvironment.swift in Sources */,
				5DA5B613233E11A50058C720 /* ResponseApdu.swift in Sources */,
				5D2739FC234F270200ACDA11 /* ge.c in Sources */,
				5D2739FB234F270200ACDA11 /* verify.c in Sources */,
				5D273A0D234F270200ACDA11 /* Seed.swift in Sources */,
				5D7F6644235F30B5008149B1 /* NDEFReader.swift in Sources */,
				5DA5B618233E124A0058C720 /* StatusWord.swift in Sources */,
				5DA5B616233E12170058C720 /* Instruction.swift in Sources */,
				5D6A92DC2344E3A500158457 /* Localization.swift in Sources */,
				5DFFC1A1234DC715001C2F35 /* CryptoUtils.swift in Sources */,
				5D273A00234F270200ACDA11 /* key_exchange.c in Sources */,
				5DA5B61A233E12780058C720 /* TlvTag.swift in Sources */,
				5D6A92EE23463D1200158457 /* ScanTask.swift in Sources */,
				5D7D5FB423449F2300058D69 /* CommandSerializer.swift in Sources */,
				5D6A92EC2346069700158457 /* CardManager.swift in Sources */,
				5DFFC49F233B9D69004964E8 /* NFCReader.swift in Sources */,
				5D6A92DE2344F1DC00158457 /* Task.swift in Sources */,
				5DB4406F234B750200AC39F1 /* String+.swift in Sources */,
				5DFFC4A2233BA5E0004964E8 /* Byte+.swift in Sources */,
				5D273A0C234F270200ACDA11 /* PrivateKey.swift in Sources */,
			);
			runOnlyForDeploymentPostprocessing = 0;
		};
		5DA80C9F231D247A00A50A10 /* Sources */ = {
			isa = PBXSourcesBuildPhase;
			buildActionMask = 2147483647;
			files = (
				5DA7942A236C64D100B33DB5 /* IntUtilsTests.swift in Sources */,
				5DA80CA9231D247A00A50A10 /* CryptoUtilsTests.swift in Sources */,
				5D713B2D236C3F6400E4F6FC /* StringUtilsTest.swift in Sources */,
				5DAD449E236B2435006C38F8 /* DataExtensionTests.swift in Sources */,
				5D6795B2237AEFB60075A330 /* ApduTests.swift in Sources */,
				5D713B2F236C53E300E4F6FC /* ByteUtilsTest.swift in Sources */,
				5D437EEB237BE980009C82A8 /* TlvTests.swift in Sources */,
			);
			runOnlyForDeploymentPostprocessing = 0;
		};
/* End PBXSourcesBuildPhase section */

/* Begin PBXTargetDependency section */
		5DA80CA6231D247A00A50A10 /* PBXTargetDependency */ = {
			isa = PBXTargetDependency;
			target = 5DA80C99231D247A00A50A10 /* TangemSdk */;
			targetProxy = 5DA80CA5231D247A00A50A10 /* PBXContainerItemProxy */;
		};
/* End PBXTargetDependency section */

/* Begin PBXVariantGroup section */
		5D6A92DA2344E2D700158457 /* Localizable.strings */ = {
			isa = PBXVariantGroup;
			children = (
				5D6A92D92344E2D700158457 /* en */,
			);
			name = Localizable.strings;
			sourceTree = "<group>";
		};
/* End PBXVariantGroup section */

/* Begin XCBuildConfiguration section */
		5DA80CAC231D247A00A50A10 /* Debug */ = {
			isa = XCBuildConfiguration;
			buildSettings = {
				ALWAYS_SEARCH_USER_PATHS = NO;
				CLANG_ANALYZER_NONNULL = YES;
				CLANG_ANALYZER_NUMBER_OBJECT_CONVERSION = YES_AGGRESSIVE;
				CLANG_CXX_LANGUAGE_STANDARD = "gnu++14";
				CLANG_CXX_LIBRARY = "libc++";
				CLANG_ENABLE_MODULES = YES;
				CLANG_ENABLE_OBJC_ARC = YES;
				CLANG_ENABLE_OBJC_WEAK = YES;
				CLANG_WARN_BLOCK_CAPTURE_AUTORELEASING = YES;
				CLANG_WARN_BOOL_CONVERSION = YES;
				CLANG_WARN_COMMA = YES;
				CLANG_WARN_CONSTANT_CONVERSION = YES;
				CLANG_WARN_DEPRECATED_OBJC_IMPLEMENTATIONS = YES;
				CLANG_WARN_DIRECT_OBJC_ISA_USAGE = YES_ERROR;
				CLANG_WARN_DOCUMENTATION_COMMENTS = YES;
				CLANG_WARN_EMPTY_BODY = YES;
				CLANG_WARN_ENUM_CONVERSION = YES;
				CLANG_WARN_INFINITE_RECURSION = YES;
				CLANG_WARN_INT_CONVERSION = YES;
				CLANG_WARN_NON_LITERAL_NULL_CONVERSION = YES;
				CLANG_WARN_OBJC_IMPLICIT_RETAIN_SELF = YES;
				CLANG_WARN_OBJC_LITERAL_CONVERSION = YES;
				CLANG_WARN_OBJC_ROOT_CLASS = YES_ERROR;
				CLANG_WARN_RANGE_LOOP_ANALYSIS = YES;
				CLANG_WARN_STRICT_PROTOTYPES = YES;
				CLANG_WARN_SUSPICIOUS_MOVE = YES;
				CLANG_WARN_UNGUARDED_AVAILABILITY = YES_AGGRESSIVE;
				CLANG_WARN_UNREACHABLE_CODE = YES;
				CLANG_WARN__DUPLICATE_METHOD_MATCH = YES;
				COPY_PHASE_STRIP = NO;
				CURRENT_PROJECT_VERSION = 1;
				DEBUG_INFORMATION_FORMAT = dwarf;
				ENABLE_STRICT_OBJC_MSGSEND = YES;
				ENABLE_TESTABILITY = YES;
				GCC_C_LANGUAGE_STANDARD = gnu11;
				GCC_DYNAMIC_NO_PIC = NO;
				GCC_NO_COMMON_BLOCKS = YES;
				GCC_OPTIMIZATION_LEVEL = 0;
				GCC_PREPROCESSOR_DEFINITIONS = (
					"DEBUG=1",
					"$(inherited)",
				);
				GCC_WARN_64_TO_32_BIT_CONVERSION = YES;
				GCC_WARN_ABOUT_RETURN_TYPE = YES_ERROR;
				GCC_WARN_UNDECLARED_SELECTOR = YES;
				GCC_WARN_UNINITIALIZED_AUTOS = YES_AGGRESSIVE;
				GCC_WARN_UNUSED_FUNCTION = YES;
				GCC_WARN_UNUSED_VARIABLE = YES;
				IPHONEOS_DEPLOYMENT_TARGET = 11.0;
				MTL_ENABLE_DEBUG_INFO = INCLUDE_SOURCE;
				MTL_FAST_MATH = YES;
				ONLY_ACTIVE_ARCH = YES;
				OTHER_LDFLAGS = (
					"-weak_framework",
					Combine,
					"-weak_framework",
					CoreNFC,
					"-weak_framework",
					CryptoKit,
				);
				SDKROOT = iphoneos;
				SWIFT_ACTIVE_COMPILATION_CONDITIONS = DEBUG;
				SWIFT_OPTIMIZATION_LEVEL = "-Onone";
				SWIFT_VERSION = 5.0;
				VERSIONING_SYSTEM = "apple-generic";
				VERSION_INFO_PREFIX = "";
			};
			name = Debug;
		};
		5DA80CAD231D247A00A50A10 /* Release */ = {
			isa = XCBuildConfiguration;
			buildSettings = {
				ALWAYS_SEARCH_USER_PATHS = NO;
				CLANG_ANALYZER_NONNULL = YES;
				CLANG_ANALYZER_NUMBER_OBJECT_CONVERSION = YES_AGGRESSIVE;
				CLANG_CXX_LANGUAGE_STANDARD = "gnu++14";
				CLANG_CXX_LIBRARY = "libc++";
				CLANG_ENABLE_MODULES = YES;
				CLANG_ENABLE_OBJC_ARC = YES;
				CLANG_ENABLE_OBJC_WEAK = YES;
				CLANG_WARN_BLOCK_CAPTURE_AUTORELEASING = YES;
				CLANG_WARN_BOOL_CONVERSION = YES;
				CLANG_WARN_COMMA = YES;
				CLANG_WARN_CONSTANT_CONVERSION = YES;
				CLANG_WARN_DEPRECATED_OBJC_IMPLEMENTATIONS = YES;
				CLANG_WARN_DIRECT_OBJC_ISA_USAGE = YES_ERROR;
				CLANG_WARN_DOCUMENTATION_COMMENTS = YES;
				CLANG_WARN_EMPTY_BODY = YES;
				CLANG_WARN_ENUM_CONVERSION = YES;
				CLANG_WARN_INFINITE_RECURSION = YES;
				CLANG_WARN_INT_CONVERSION = YES;
				CLANG_WARN_NON_LITERAL_NULL_CONVERSION = YES;
				CLANG_WARN_OBJC_IMPLICIT_RETAIN_SELF = YES;
				CLANG_WARN_OBJC_LITERAL_CONVERSION = YES;
				CLANG_WARN_OBJC_ROOT_CLASS = YES_ERROR;
				CLANG_WARN_RANGE_LOOP_ANALYSIS = YES;
				CLANG_WARN_STRICT_PROTOTYPES = YES;
				CLANG_WARN_SUSPICIOUS_MOVE = YES;
				CLANG_WARN_UNGUARDED_AVAILABILITY = YES_AGGRESSIVE;
				CLANG_WARN_UNREACHABLE_CODE = YES;
				CLANG_WARN__DUPLICATE_METHOD_MATCH = YES;
				COPY_PHASE_STRIP = NO;
				CURRENT_PROJECT_VERSION = 1;
				DEBUG_INFORMATION_FORMAT = "dwarf-with-dsym";
				ENABLE_NS_ASSERTIONS = NO;
				ENABLE_STRICT_OBJC_MSGSEND = YES;
				GCC_C_LANGUAGE_STANDARD = gnu11;
				GCC_NO_COMMON_BLOCKS = YES;
				GCC_WARN_64_TO_32_BIT_CONVERSION = YES;
				GCC_WARN_ABOUT_RETURN_TYPE = YES_ERROR;
				GCC_WARN_UNDECLARED_SELECTOR = YES;
				GCC_WARN_UNINITIALIZED_AUTOS = YES_AGGRESSIVE;
				GCC_WARN_UNUSED_FUNCTION = YES;
				GCC_WARN_UNUSED_VARIABLE = YES;
				IPHONEOS_DEPLOYMENT_TARGET = 11.0;
				MTL_ENABLE_DEBUG_INFO = NO;
				MTL_FAST_MATH = YES;
				OTHER_LDFLAGS = (
					"-weak_framework",
					Combine,
					"-weak_framework",
					CoreNFC,
					"-weak_framework",
					CryptoKit,
				);
				SDKROOT = iphoneos;
				SWIFT_COMPILATION_MODE = wholemodule;
				SWIFT_OPTIMIZATION_LEVEL = "-O";
				SWIFT_VERSION = 5.0;
				VALIDATE_PRODUCT = YES;
				VERSIONING_SYSTEM = "apple-generic";
				VERSION_INFO_PREFIX = "";
			};
			name = Release;
		};
		5DA80CAF231D247A00A50A10 /* Debug */ = {
			isa = XCBuildConfiguration;
			buildSettings = {
				CLANG_ENABLE_MODULES = YES;
				CODE_SIGN_STYLE = Automatic;
				DEFINES_MODULE = YES;
				DEVELOPMENT_TEAM = 4897UJ6D8C;
				DYLIB_COMPATIBILITY_VERSION = 1;
				DYLIB_CURRENT_VERSION = 1;
				DYLIB_INSTALL_NAME_BASE = "@rpath";
				INFOPLIST_FILE = Info.plist;
				INSTALL_PATH = "$(LOCAL_LIBRARY_DIR)/Frameworks";
				IPHONEOS_DEPLOYMENT_TARGET = 11.0;
				LD_RUNPATH_SEARCH_PATHS = (
					"$(inherited)",
					"@executable_path/Frameworks",
					"@loader_path/Frameworks",
				);
				OTHER_LDFLAGS = (
					"-weak_framework",
					Combine,
					"-weak_framework",
					CoreNFC,
					"-weak_framework",
					CryptoKit,
				);
				PRODUCT_BUNDLE_IDENTIFIER = com.tangem.tangemSdk.TangemSdk;
				PRODUCT_NAME = "$(TARGET_NAME:c99extidentifier)";
				SKIP_INSTALL = YES;
				SWIFT_OPTIMIZATION_LEVEL = "-Onone";
				SWIFT_VERSION = 5.0;
				TARGETED_DEVICE_FAMILY = "1,2";
			};
			name = Debug;
		};
		5DA80CB0231D247A00A50A10 /* Release */ = {
			isa = XCBuildConfiguration;
			buildSettings = {
				CLANG_ENABLE_MODULES = YES;
				CODE_SIGN_STYLE = Automatic;
				DEFINES_MODULE = YES;
				DEVELOPMENT_TEAM = 4897UJ6D8C;
				DYLIB_COMPATIBILITY_VERSION = 1;
				DYLIB_CURRENT_VERSION = 1;
				DYLIB_INSTALL_NAME_BASE = "@rpath";
				INFOPLIST_FILE = Info.plist;
				INSTALL_PATH = "$(LOCAL_LIBRARY_DIR)/Frameworks";
				IPHONEOS_DEPLOYMENT_TARGET = 11.0;
				LD_RUNPATH_SEARCH_PATHS = (
					"$(inherited)",
					"@executable_path/Frameworks",
					"@loader_path/Frameworks",
				);
				OTHER_LDFLAGS = (
					"-weak_framework",
					Combine,
					"-weak_framework",
					CoreNFC,
					"-weak_framework",
					CryptoKit,
				);
				PRODUCT_BUNDLE_IDENTIFIER = com.tangem.tangemSdk.TangemSdk;
				PRODUCT_NAME = "$(TARGET_NAME:c99extidentifier)";
				SKIP_INSTALL = YES;
				SWIFT_VERSION = 5.0;
				TARGETED_DEVICE_FAMILY = "1,2";
			};
			name = Release;
		};
		5DA80CB2231D247A00A50A10 /* Debug */ = {
			isa = XCBuildConfiguration;
			buildSettings = {
				ALWAYS_EMBED_SWIFT_STANDARD_LIBRARIES = YES;
				CODE_SIGN_STYLE = Automatic;
				DEVELOPMENT_TEAM = 4897UJ6D8C;
				INFOPLIST_FILE = TangemSdkTests/Info.plist;
				LD_RUNPATH_SEARCH_PATHS = (
					"$(inherited)",
					"@executable_path/Frameworks",
					"@loader_path/Frameworks",
				);
				OTHER_LDFLAGS = (
					"-weak_framework",
					Combine,
					"-weak_framework",
					CoreNFC,
					"-weak_framework",
					CryptoKit,
				);
				PRODUCT_BUNDLE_IDENTIFIER = com.tangem.tangemSdk.TangemSdkTests;
				PRODUCT_NAME = "$(TARGET_NAME)";
				SWIFT_VERSION = 5.0;
				TARGETED_DEVICE_FAMILY = "1,2";
			};
			name = Debug;
		};
		5DA80CB3231D247A00A50A10 /* Release */ = {
			isa = XCBuildConfiguration;
			buildSettings = {
				ALWAYS_EMBED_SWIFT_STANDARD_LIBRARIES = YES;
				CODE_SIGN_STYLE = Automatic;
				DEVELOPMENT_TEAM = 4897UJ6D8C;
				INFOPLIST_FILE = TangemSdkTests/Info.plist;
				LD_RUNPATH_SEARCH_PATHS = (
					"$(inherited)",
					"@executable_path/Frameworks",
					"@loader_path/Frameworks",
				);
				OTHER_LDFLAGS = (
					"-weak_framework",
					Combine,
					"-weak_framework",
					CoreNFC,
					"-weak_framework",
					CryptoKit,
				);
				PRODUCT_BUNDLE_IDENTIFIER = com.tangem.tangemSdk.TangemSdkTests;
				PRODUCT_NAME = "$(TARGET_NAME)";
				SWIFT_VERSION = 5.0;
				TARGETED_DEVICE_FAMILY = "1,2";
			};
			name = Release;
		};
/* End XCBuildConfiguration section */

/* Begin XCConfigurationList section */
		5DA80C94231D247A00A50A10 /* Build configuration list for PBXProject "TangemSdk" */ = {
			isa = XCConfigurationList;
			buildConfigurations = (
				5DA80CAC231D247A00A50A10 /* Debug */,
				5DA80CAD231D247A00A50A10 /* Release */,
			);
			defaultConfigurationIsVisible = 0;
			defaultConfigurationName = Release;
		};
		5DA80CAE231D247A00A50A10 /* Build configuration list for PBXNativeTarget "TangemSdk" */ = {
			isa = XCConfigurationList;
			buildConfigurations = (
				5DA80CAF231D247A00A50A10 /* Debug */,
				5DA80CB0231D247A00A50A10 /* Release */,
			);
			defaultConfigurationIsVisible = 0;
			defaultConfigurationName = Release;
		};
		5DA80CB1231D247A00A50A10 /* Build configuration list for PBXNativeTarget "TangemSdkTests" */ = {
			isa = XCConfigurationList;
			buildConfigurations = (
				5DA80CB2231D247A00A50A10 /* Debug */,
				5DA80CB3231D247A00A50A10 /* Release */,
			);
			defaultConfigurationIsVisible = 0;
			defaultConfigurationName = Release;
		};
/* End XCConfigurationList section */

/* Begin XCRemoteSwiftPackageReference section */
		5D2739D9234F22A800ACDA11 /* XCRemoteSwiftPackageReference "secp256k1.swift" */ = {
			isa = XCRemoteSwiftPackageReference;
			repositoryURL = "https://github.com/Boilertalk/secp256k1.swift.git";
			requirement = {
				kind = upToNextMajorVersion;
				minimumVersion = 0.1.4;
			};
		};
/* End XCRemoteSwiftPackageReference section */

/* Begin XCSwiftPackageProductDependency section */
		5D2739DA234F22A800ACDA11 /* secp256k1 */ = {
			isa = XCSwiftPackageProductDependency;
			package = 5D2739D9234F22A800ACDA11 /* XCRemoteSwiftPackageReference "secp256k1.swift" */;
			productName = secp256k1;
		};
/* End XCSwiftPackageProductDependency section */
	};
	rootObject = 5DA80C91231D247A00A50A10 /* Project object */;
}
