{
  "object": {
    "pins": [
      {
        "package": "KeychainSwift",
        "repositoryURL": "https://github.com/evgenyneu/keychain-swift.git",
        "state": {
          "branch": null,
          "revision": "96fb84f45a96630e7583903bd7e08cf095c7a7ef",
          "version": "19.0.0"
        }
      },
      {
        "package": "secp256k1",
        "repositoryURL": "https://github.com/Boilertalk/secp256k1.swift.git",
        "state": {
          "branch": null,
          "revision": "823281fe9def21b384099b72a9a53ca988317b20",
          "version": "0.1.4"
        }
      }
    ]
  },
  "version": 1
}
